
Microsoft Visual Studio Solution File, Format Version 12.00
# Visual Studio Version 16
VisualStudioVersion = 16.0.810.9
MinimumVisualStudioVersion = 10.0.40219.1
Project("{FAE04EC0-301F-11D3-BF4B-00C04F79EFBC}") = "FakeApiContractTests", "FakeApiContractTests\FakeApiContractTests.csproj", "{A32F17B6-2B19-4AE8-B11F-1063693E33E6}"
EndProject
Global
	GlobalSection(SolutionConfigurationPlatforms) = preSolution
		Debug|Any CPU = Debug|Any CPU
		Release|Any CPU = Release|Any CPU
	EndGlobalSection
	GlobalSection(ProjectConfigurationPlatforms) = postSolution
		{A32F17B6-2B19-4AE8-B11F-1063693E33E6}.Debug|Any CPU.ActiveCfg = Debug|Any CPU
		{A32F17B6-2B19-4AE8-B11F-1063693E33E6}.Debug|Any CPU.Build.0 = Debug|Any CPU
		{A32F17B6-2B19-4AE8-B11F-1063693E33E6}.Release|Any CPU.ActiveCfg = Release|Any CPU
		{A32F17B6-2B19-4AE8-B11F-1063693E33E6}.Release|Any CPU.Build.0 = Release|Any CPU
	EndGlobalSection
	GlobalSection(SolutionProperties) = preSolution
		HideSolutionNode = FALSE
	EndGlobalSection
	GlobalSection(ExtensibilityGlobals) = postSolution
		SolutionGuid = {2345EE59-8D20-4596-A779-14C1F3BD01BE}
	EndGlobalSection
EndGlobal
